// !$*UTF8*$!
{
	archiveVersion = 1;
	classes = {
	};
	objectVersion = 46;
	objects = {

/* Begin PBXBuildFile section */
		9E7BED9719705BCE00F62623 /* main.swift in Sources */ = {isa = PBXBuildFile; fileRef = 9E7BED9619705BCE00F62623 /* main.swift */; };
		9E7BED9F19705F3000F62623 /* swiftperl.c in Sources */ = {isa = PBXBuildFile; fileRef = 9E7BED9E19705F3000F62623 /* swiftperl.c */; };
		9EFB92001971566200938A72 /* swiftperl.swift in Sources */ = {isa = PBXBuildFile; fileRef = 9EFB91FF1971566200938A72 /* swiftperl.swift */; };
/* End PBXBuildFile section */

/* Begin PBXCopyFilesBuildPhase section */
		9E7BED9119705BCE00F62623 /* CopyFiles */ = {
			isa = PBXCopyFilesBuildPhase;
			buildActionMask = 2147483647;
			dstPath = /usr/share/man/man1/;
			dstSubfolderSpec = 0;
			files = (
			);
			runOnlyForDeploymentPostprocessing = 1;
		};
/* End PBXCopyFilesBuildPhase section */

/* Begin PBXFileReference section */
		9E7BED9319705BCE00F62623 /* swiftperl */ = {isa = PBXFileReference; explicitFileType = "compiled.mach-o.executable"; includeInIndex = 0; path = swiftperl; sourceTree = BUILT_PRODUCTS_DIR; };
		9E7BED9619705BCE00F62623 /* main.swift */ = {isa = PBXFileReference; lastKnownFileType = sourcecode.swift; path = main.swift; sourceTree = "<group>"; };
		9E7BED9D19705F2F00F62623 /* swiftperl-Bridging-Header.h */ = {isa = PBXFileReference; lastKnownFileType = sourcecode.c.h; path = "swiftperl-Bridging-Header.h"; sourceTree = "<group>"; };
		9E7BED9E19705F3000F62623 /* swiftperl.c */ = {isa = PBXFileReference; fileEncoding = 4; lastKnownFileType = sourcecode.c.c; path = swiftperl.c; sourceTree = "<group>"; };
		9EFB91FF1971566200938A72 /* swiftperl.swift */ = {isa = PBXFileReference; fileEncoding = 4; lastKnownFileType = sourcecode.swift; path = swiftperl.swift; sourceTree = "<group>"; };
/* End PBXFileReference section */

/* Begin PBXFrameworksBuildPhase section */
		9E7BED9019705BCE00F62623 /* Frameworks */ = {
			isa = PBXFrameworksBuildPhase;
			buildActionMask = 2147483647;
			files = (
			);
			runOnlyForDeploymentPostprocessing = 0;
		};
/* End PBXFrameworksBuildPhase section */

/* Begin PBXGroup section */
		9E7BED8A19705BCE00F62623 = {
			isa = PBXGroup;
			children = (
				9E7BED9519705BCE00F62623 /* swiftperl */,
				9E7BED9419705BCE00F62623 /* Products */,
			);
			sourceTree = "<group>";
		};
		9E7BED9419705BCE00F62623 /* Products */ = {
			isa = PBXGroup;
			children = (
				9E7BED9319705BCE00F62623 /* swiftperl */,
			);
			name = Products;
			sourceTree = "<group>";
		};
		9E7BED9519705BCE00F62623 /* swiftperl */ = {
			isa = PBXGroup;
			children = (
				9E7BED9619705BCE00F62623 /* main.swift */,
				9EFB91FF1971566200938A72 /* swiftperl.swift */,
				9E7BED9D19705F2F00F62623 /* swiftperl-Bridging-Header.h */,
				9E7BED9E19705F3000F62623 /* swiftperl.c */,
			);
			path = swiftperl;
			sourceTree = "<group>";
		};
/* End PBXGroup section */

/* Begin PBXNativeTarget section */
		9E7BED9219705BCE00F62623 /* swiftperl */ = {
			isa = PBXNativeTarget;
			buildConfigurationList = 9E7BED9A19705BCE00F62623 /* Build configuration list for PBXNativeTarget "swiftperl" */;
			buildPhases = (
				9E7BED8F19705BCE00F62623 /* Sources */,
				9E7BED9019705BCE00F62623 /* Frameworks */,
				9E7BED9119705BCE00F62623 /* CopyFiles */,
			);
			buildRules = (
			);
			dependencies = (
			);
			name = swiftperl;
			productName = swiftperl;
			productReference = 9E7BED9319705BCE00F62623 /* swiftperl */;
			productType = "com.apple.product-type.tool";
		};
/* End PBXNativeTarget section */

/* Begin PBXProject section */
		9E7BED8B19705BCE00F62623 /* Project object */ = {
			isa = PBXProject;
			attributes = {
				LastUpgradeCheck = 0600;
				ORGANIZATIONNAME = "Dan Kogai";
				TargetAttributes = {
					9E7BED9219705BCE00F62623 = {
						CreatedOnToolsVersion = 6.0;
					};
				};
			};
			buildConfigurationList = 9E7BED8E19705BCE00F62623 /* Build configuration list for PBXProject "swiftperl" */;
			compatibilityVersion = "Xcode 3.2";
			developmentRegion = English;
			hasScannedForEncodings = 0;
			knownRegions = (
				en,
			);
			mainGroup = 9E7BED8A19705BCE00F62623;
			productRefGroup = 9E7BED9419705BCE00F62623 /* Products */;
			projectDirPath = "";
			projectRoot = "";
			targets = (
				9E7BED9219705BCE00F62623 /* swiftperl */,
			);
		};
/* End PBXProject section */

/* Begin PBXSourcesBuildPhase section */
		9E7BED8F19705BCE00F62623 /* Sources */ = {
			isa = PBXSourcesBuildPhase;
			buildActionMask = 2147483647;
			files = (
				9E7BED9F19705F3000F62623 /* swiftperl.c in Sources */,
				9EFB92001971566200938A72 /* swiftperl.swift in Sources */,
				9E7BED9719705BCE00F62623 /* main.swift in Sources */,
			);
			runOnlyForDeploymentPostprocessing = 0;
		};
/* End PBXSourcesBuildPhase section */

/* Begin XCBuildConfiguration section */
		9E7BED9819705BCE00F62623 /* Debug */ = {
			isa = XCBuildConfiguration;
			buildSettings = {
				ALWAYS_SEARCH_USER_PATHS = NO;
				CLANG_CXX_LANGUAGE_STANDARD = "gnu++0x";
				CLANG_CXX_LIBRARY = "libc++";
				CLANG_ENABLE_MODULES = YES;
				CLANG_ENABLE_OBJC_ARC = YES;
				CLANG_WARN_BOOL_CONVERSION = YES;
				CLANG_WARN_CONSTANT_CONVERSION = YES;
				CLANG_WARN_DIRECT_OBJC_ISA_USAGE = YES_ERROR;
				CLANG_WARN_EMPTY_BODY = YES;
				CLANG_WARN_ENUM_CONVERSION = YES;
				CLANG_WARN_INT_CONVERSION = YES;
				CLANG_WARN_OBJC_ROOT_CLASS = YES_ERROR;
				CLANG_WARN_UNREACHABLE_CODE = YES;
				CLANG_WARN__DUPLICATE_METHOD_MATCH = YES;
				COPY_PHASE_STRIP = NO;
				ENABLE_STRICT_OBJC_MSGSEND = YES;
				GCC_C_LANGUAGE_STANDARD = gnu99;
				GCC_DYNAMIC_NO_PIC = NO;
				GCC_OPTIMIZATION_LEVEL = 0;
				GCC_PREPROCESSOR_DEFINITIONS = (
					"DEBUG=1",
					"$(inherited)",
				);
				GCC_SYMBOLS_PRIVATE_EXTERN = NO;
				GCC_WARN_64_TO_32_BIT_CONVERSION = YES;
				GCC_WARN_ABOUT_RETURN_TYPE = YES_ERROR;
				GCC_WARN_UNDECLARED_SELECTOR = YES;
				GCC_WARN_UNINITIALIZED_AUTOS = YES_AGGRESSIVE;
				GCC_WARN_UNUSED_FUNCTION = YES;
				GCC_WARN_UNUSED_VARIABLE = YES;
				MACOSX_DEPLOYMENT_TARGET = 10.10;
				MTL_ENABLE_DEBUG_INFO = YES;
				ONLY_ACTIVE_ARCH = YES;
				SDKROOT = macosx;
				SWIFT_OPTIMIZATION_LEVEL = "-Onone";
			};
			name = Debug;
		};
		9E7BED9919705BCE00F62623 /* Release */ = {
			isa = XCBuildConfiguration;
			buildSettings = {
				ALWAYS_SEARCH_USER_PATHS = NO;
				CLANG_CXX_LANGUAGE_STANDARD = "gnu++0x";
				CLANG_CXX_LIBRARY = "libc++";
				CLANG_ENABLE_MODULES = YES;
				CLANG_ENABLE_OBJC_ARC = YES;
				CLANG_WARN_BOOL_CONVERSION = YES;
				CLANG_WARN_CONSTANT_CONVERSION = YES;
				CLANG_WARN_DIRECT_OBJC_ISA_USAGE = YES_ERROR;
				CLANG_WARN_EMPTY_BODY = YES;
				CLANG_WARN_ENUM_CONVERSION = YES;
				CLANG_WARN_INT_CONVERSION = YES;
				CLANG_WARN_OBJC_ROOT_CLASS = YES_ERROR;
				CLANG_WARN_UNREACHABLE_CODE = YES;
				CLANG_WARN__DUPLICATE_METHOD_MATCH = YES;
				COPY_PHASE_STRIP = YES;
				DEBUG_INFORMATION_FORMAT = "dwarf-with-dsym";
				ENABLE_NS_ASSERTIONS = NO;
				ENABLE_STRICT_OBJC_MSGSEND = YES;
				GCC_C_LANGUAGE_STANDARD = gnu99;
				GCC_WARN_64_TO_32_BIT_CONVERSION = YES;
				GCC_WARN_ABOUT_RETURN_TYPE = YES_ERROR;
				GCC_WARN_UNDECLARED_SELECTOR = YES;
				GCC_WARN_UNINITIALIZED_AUTOS = YES_AGGRESSIVE;
				GCC_WARN_UNUSED_FUNCTION = YES;
				GCC_WARN_UNUSED_VARIABLE = YES;
				MACOSX_DEPLOYMENT_TARGET = 10.10;
				MTL_ENABLE_DEBUG_INFO = NO;
				SDKROOT = macosx;
			};
			name = Release;
		};
		9E7BED9B19705BCE00F62623 /* Debug */ = {
			isa = XCBuildConfiguration;
			buildSettings = {
				CLANG_ENABLE_MODULES = YES;
				HEADER_SEARCH_PATHS = (
					"$(inherited)",
					"/System/Library/Perl/5.16/darwin-thread-multi-2level/CORE",
					"/Applications/Xcode6-Beta3.app/Contents/Developer/Toolchains/XcodeDefault.xctoolchain/usr/include",
				);
				LD_RUNPATH_SEARCH_PATHS = "$(inherited) @executable_path/../Frameworks @loader_path/../Frameworks";
				LIBRARY_SEARCH_PATHS = "/System/Library/Perl/5.16/darwin-thread-multi-2level/CORE";
				OTHER_CFLAGS = (
					"-lperl",
					"-arch",
					x86_64,
					"-arch",
					i386,
					"-g",
					"-pipe",
					"-fno-common",
					"-DPERL_DARWIN",
					"-fno-strict-aliasing",
					"-fstack-protector",
					"-I/System/Library/Perl/5.16/darwin-thread-multi-2level/CORE",
				);
				"OTHER_CFLAGS[arch=*]" = (
					"-arch",
					x86_64,
					"-arch",
					i386,
					"-g",
					"-pipe",
					"-fno-common",
					"-DPERL_DARWIN",
					"-fno-strict-aliasing",
					"-fstack-protector",
					"-I/System/Library/Perl/5.16/darwin-thread-multi-2level/CORE",
				);
				OTHER_LDFLAGS = "-lperl";
				OTHER_LIBTOOLFLAGS = "-lperl";
				PRODUCT_NAME = "$(TARGET_NAME)";
				SWIFT_OBJC_BRIDGING_HEADER = "swiftperl/swiftperl-Bridging-Header.h";
				SWIFT_OPTIMIZATION_LEVEL = "-Onone";
			};
			name = Debug;
		};
		9E7BED9C19705BCE00F62623 /* Release */ = {
			isa = XCBuildConfiguration;
			buildSettings = {
				CLANG_ENABLE_MODULES = YES;
				HEADER_SEARCH_PATHS = (
					"$(inherited)",
					"/System/Library/Perl/5.16/darwin-thread-multi-2level/CORE",
					"/Applications/Xcode6-Beta3.app/Contents/Developer/Toolchains/XcodeDefault.xctoolchain/usr/include",
				);
				LD_RUNPATH_SEARCH_PATHS = "$(inherited) @executable_path/../Frameworks @loader_path/../Frameworks";
				LIBRARY_SEARCH_PATHS = "/System/Library/Perl/5.16/darwin-thread-multi-2level/CORE";
				OTHER_CFLAGS = (
					"-lperl",
					"-arch",
					x86_64,
					"-arch",
					i386,
					"-g",
					"-pipe",
					"-fno-common",
					"-DPERL_DARWIN",
					"-fno-strict-aliasing",
					"-fstack-protector",
					"-I/System/Library/Perl/5.16/darwin-thread-multi-2level/CORE",
				);
				"OTHER_CFLAGS[arch=*]" = (
					"-arch",
					x86_64,
					"-arch",
					i386,
					"-g",
					"-pipe",
					"-fno-common",
					"-DPERL_DARWIN",
					"-fno-strict-aliasing",
					"-fstack-protector",
					"-I/System/Library/Perl/5.16/darwin-thread-multi-2level/CORE",
				);
				OTHER_LDFLAGS = "-lperl";
				OTHER_LIBTOOLFLAGS = "-lperl";
				PRODUCT_NAME = "$(TARGET_NAME)";
				SWIFT_OBJC_BRIDGING_HEADER = "swiftperl/swiftperl-Bridging-Header.h";
			};
			name = Release;
		};
/* End XCBuildConfiguration section */

/* Begin XCConfigurationList section */
		9E7BED8E19705BCE00F62623 /* Build configuration list for PBXProject "swiftperl" */ = {
			isa = XCConfigurationList;
			buildConfigurations = (
				9E7BED9819705BCE00F62623 /* Debug */,
				9E7BED9919705BCE00F62623 /* Release */,
			);
			defaultConfigurationIsVisible = 0;
			defaultConfigurationName = Release;
		};
		9E7BED9A19705BCE00F62623 /* Build configuration list for PBXNativeTarget "swiftperl" */ = {
			isa = XCConfigurationList;
			buildConfigurations = (
				9E7BED9B19705BCE00F62623 /* Debug */,
				9E7BED9C19705BCE00F62623 /* Release */,
			);
			defaultConfigurationIsVisible = 0;
			defaultConfigurationName = Release;
		};
/* End XCConfigurationList section */
	};
	rootObject = 9E7BED8B19705BCE00F62623 /* Project object */;
}
